
Microsoft Visual Studio Solution File, Format Version 11.00
# Visual Studio 2010
Project("{FAE04EC0-301F-11D3-BF4B-00C04F79EFBC}") = "Arduino_Comm_Test", "Assembly-CSharp.csproj", "{051CC608-B2EA-C8AC-871A-1D20674A5998}"
EndProject
Global
	GlobalSection(SolutionConfigurationPlatforms) = preSolution
		Debug|Any CPU = Debug|Any CPU
		Release|Any CPU = Release|Any CPU
	EndGlobalSection
	GlobalSection(ProjectConfigurationPlatforms) = postSolution
		{051CC608-B2EA-C8AC-871A-1D20674A5998}.Debug|Any CPU.ActiveCfg = Debug|Any CPU
		{051CC608-B2EA-C8AC-871A-1D20674A5998}.Debug|Any CPU.Build.0 = Debug|Any CPU
		{051CC608-B2EA-C8AC-871A-1D20674A5998}.Release|Any CPU.ActiveCfg = Release|Any CPU
		{051CC608-B2EA-C8AC-871A-1D20674A5998}.Release|Any CPU.Build.0 = Release|Any CPU
	EndGlobalSection
	GlobalSection(SolutionProperties) = preSolution
		HideSolutionNode = FALSE
	EndGlobalSection
	GlobalSection(MonoDevelopProperties) = preSolution
		StartupItem = Assembly-CSharp.csproj
	EndGlobalSection
EndGlobal
